
Microsoft Visual Studio Solution File, Format Version 12.00
# Visual Studio Version 17
VisualStudioVersion = 17.13.35919.96 d17.13
MinimumVisualStudioVersion = 10.0.40219.1
Project("{FAE04EC0-301F-11D3-BF4B-00C04F79EFBC}") = "HotelBooking.API", "backend\HotelBooking.API\HotelBooking.API.csproj", "{C1E97F5A-592D-4C24-B08B-A681FBED2BD9}"
EndProject
Project("{FAE04EC0-301F-11D3-BF4B-00C04F79EFBC}") = "HotelBooking.Domain", "backend\HotelBooking.Domain\HotelBooking.Domain.csproj", "{FE6EEBB3-61A7-4124-8BE5-DAF2E3BDD2FD}"
EndProject
Project("{FAE04EC0-301F-11D3-BF4B-00C04F79EFBC}") = "HotelBooking.Infrastructure", "backend\HotelBooking.Infrastructure\HotelBooking.Infrastructure.csproj", "{EE36F991-9117-47A9-BAD9-1C692FC6090D}"
EndProject
Project("{FAE04EC0-301F-11D3-BF4B-00C04F79EFBC}") = "HotelBooking.Application", "backend\HotelBooking.Application\HotelBooking.Application.csproj", "{B1D11F69-D188-48E5-8BCB-22B2C234AD21}"
EndProject
Global
	GlobalSection(SolutionConfigurationPlatforms) = preSolution
		Debug|Any CPU = Debug|Any CPU
		Release|Any CPU = Release|Any CPU
	EndGlobalSection
	GlobalSection(ProjectConfigurationPlatforms) = postSolution
		{C1E97F5A-592D-4C24-B08B-A681FBED2BD9}.Debug|Any CPU.ActiveCfg = Debug|Any CPU
		{C1E97F5A-592D-4C24-B08B-A681FBED2BD9}.Debug|Any CPU.Build.0 = Debug|Any CPU
		{C1E97F5A-592D-4C24-B08B-A681FBED2BD9}.Release|Any CPU.ActiveCfg = Release|Any CPU
		{C1E97F5A-592D-4C24-B08B-A681FBED2BD9}.Release|Any CPU.Build.0 = Release|Any CPU
		{FE6EEBB3-61A7-4124-8BE5-DAF2E3BDD2FD}.Debug|Any CPU.ActiveCfg = Debug|Any CPU
		{FE6EEBB3-61A7-4124-8BE5-DAF2E3BDD2FD}.Debug|Any CPU.Build.0 = Debug|Any CPU
		{FE6EEBB3-61A7-4124-8BE5-DAF2E3BDD2FD}.Release|Any CPU.ActiveCfg = Release|Any CPU
		{FE6EEBB3-61A7-4124-8BE5-DAF2E3BDD2FD}.Release|Any CPU.Build.0 = Release|Any CPU
		{EE36F991-9117-47A9-BAD9-1C692FC6090D}.Debug|Any CPU.ActiveCfg = Debug|Any CPU
		{EE36F991-9117-47A9-BAD9-1C692FC6090D}.Debug|Any CPU.Build.0 = Debug|Any CPU
		{EE36F991-9117-47A9-BAD9-1C692FC6090D}.Release|Any CPU.ActiveCfg = Release|Any CPU
		{EE36F991-9117-47A9-BAD9-1C692FC6090D}.Release|Any CPU.Build.0 = Release|Any CPU
		{B1D11F69-D188-48E5-8BCB-22B2C234AD21}.Debug|Any CPU.ActiveCfg = Debug|Any CPU
		{B1D11F69-D188-48E5-8BCB-22B2C234AD21}.Debug|Any CPU.Build.0 = Debug|Any CPU
		{B1D11F69-D188-48E5-8BCB-22B2C234AD21}.Release|Any CPU.ActiveCfg = Release|Any CPU
		{B1D11F69-D188-48E5-8BCB-22B2C234AD21}.Release|Any CPU.Build.0 = Release|Any CPU
	EndGlobalSection
	GlobalSection(SolutionProperties) = preSolution
		HideSolutionNode = FALSE
	EndGlobalSection
	GlobalSection(ExtensibilityGlobals) = postSolution
		SolutionGuid = {56A77051-F754-4DC3-98EA-6A9B4CFFC19C}
	EndGlobalSection
EndGlobal
